// !$*UTF8*$!
{
	archiveVersion = 1;
	classes = {
	};
	objectVersion = 46;
	objects = {

/* Begin PBXBuildFile section */
		7EB5F4181BAC3D5F00EF7A25 /* main.m in Sources */ = {isa = PBXBuildFile; fileRef = 7EB5F4171BAC3D5F00EF7A25 /* main.m */; };
		7EB5F41B1BAC3D5F00EF7A25 /* AppDelegate.m in Sources */ = {isa = PBXBuildFile; fileRef = 7EB5F41A1BAC3D5F00EF7A25 /* AppDelegate.m */; };
		7EB5F41E1BAC3D5F00EF7A25 /* ViewController.m in Sources */ = {isa = PBXBuildFile; fileRef = 7EB5F41D1BAC3D5F00EF7A25 /* ViewController.m */; };
		7EB5F4211BAC3D5F00EF7A25 /* Main.storyboard in Resources */ = {isa = PBXBuildFile; fileRef = 7EB5F41F1BAC3D5F00EF7A25 /* Main.storyboard */; };
		7EB5F4231BAC3D5F00EF7A25 /* Images.xcassets in Resources */ = {isa = PBXBuildFile; fileRef = 7EB5F4221BAC3D5F00EF7A25 /* Images.xcassets */; };
		7EB5F4261BAC3D5F00EF7A25 /* LaunchScreen.xib in Resources */ = {isa = PBXBuildFile; fileRef = 7EB5F4241BAC3D5F00EF7A25 /* LaunchScreen.xib */; };
		7EB5F4321BAC3D5F00EF7A25 /* CCEaseRefreshTests.m in Sources */ = {isa = PBXBuildFile; fileRef = 7EB5F4311BAC3D5F00EF7A25 /* CCEaseRefreshTests.m */; };
		7EB5F43E1BAC3DF600EF7A25 /* CCEaseRefresh.m in Sources */ = {isa = PBXBuildFile; fileRef = 7EB5F43D1BAC3DF600EF7A25 /* CCEaseRefresh.m */; };
/* End PBXBuildFile section */

/* Begin PBXContainerItemProxy section */
		7EB5F42C1BAC3D5F00EF7A25 /* PBXContainerItemProxy */ = {
			isa = PBXContainerItemProxy;
			containerPortal = 7EB5F40A1BAC3D5F00EF7A25 /* Project object */;
			proxyType = 1;
			remoteGlobalIDString = 7EB5F4111BAC3D5F00EF7A25;
			remoteInfo = CCEaseRefresh;
		};
/* End PBXContainerItemProxy section */

/* Begin PBXFileReference section */
		7EB5F4121BAC3D5F00EF7A25 /* CCEaseRefresh.app */ = {isa = PBXFileReference; explicitFileType = wrapper.application; includeInIndex = 0; path = CCEaseRefresh.app; sourceTree = BUILT_PRODUCTS_DIR; };
		7EB5F4161BAC3D5F00EF7A25 /* Info.plist */ = {isa = PBXFileReference; lastKnownFileType = text.plist.xml; path = Info.plist; sourceTree = "<group>"; };
		7EB5F4171BAC3D5F00EF7A25 /* main.m */ = {isa = PBXFileReference; lastKnownFileType = sourcecode.c.objc; path = main.m; sourceTree = "<group>"; };
		7EB5F4191BAC3D5F00EF7A25 /* AppDelegate.h */ = {isa = PBXFileReference; lastKnownFileType = sourcecode.c.h; path = AppDelegate.h; sourceTree = "<group>"; };
		7EB5F41A1BAC3D5F00EF7A25 /* AppDelegate.m */ = {isa = PBXFileReference; lastKnownFileType = sourcecode.c.objc; path = AppDelegate.m; sourceTree = "<group>"; };
		7EB5F41C1BAC3D5F00EF7A25 /* ViewController.h */ = {isa = PBXFileReference; lastKnownFileType = sourcecode.c.h; path = ViewController.h; sourceTree = "<group>"; };
		7EB5F41D1BAC3D5F00EF7A25 /* ViewController.m */ = {isa = PBXFileReference; lastKnownFileType = sourcecode.c.objc; path = ViewController.m; sourceTree = "<group>"; };
		7EB5F4201BAC3D5F00EF7A25 /* Base */ = {isa = PBXFileReference; lastKnownFileType = file.storyboard; name = Base; path = Base.lproj/Main.storyboard; sourceTree = "<group>"; };
		7EB5F4221BAC3D5F00EF7A25 /* Images.xcassets */ = {isa = PBXFileReference; lastKnownFileType = folder.assetcatalog; path = Images.xcassets; sourceTree = "<group>"; };
		7EB5F4251BAC3D5F00EF7A25 /* Base */ = {isa = PBXFileReference; lastKnownFileType = file.xib; name = Base; path = Base.lproj/LaunchScreen.xib; sourceTree = "<group>"; };
		7EB5F42B1BAC3D5F00EF7A25 /* CCEaseRefreshTests.xctest */ = {isa = PBXFileReference; explicitFileType = wrapper.cfbundle; includeInIndex = 0; path = CCEaseRefreshTests.xctest; sourceTree = BUILT_PRODUCTS_DIR; };
		7EB5F4301BAC3D5F00EF7A25 /* Info.plist */ = {isa = PBXFileReference; lastKnownFileType = text.plist.xml; path = Info.plist; sourceTree = "<group>"; };
		7EB5F4311BAC3D5F00EF7A25 /* CCEaseRefreshTests.m */ = {isa = PBXFileReference; lastKnownFileType = sourcecode.c.objc; path = CCEaseRefreshTests.m; sourceTree = "<group>"; };
		7EB5F43C1BAC3DF600EF7A25 /* CCEaseRefresh.h */ = {isa = PBXFileReference; fileEncoding = 4; lastKnownFileType = sourcecode.c.h; path = CCEaseRefresh.h; sourceTree = "<group>"; };
		7EB5F43D1BAC3DF600EF7A25 /* CCEaseRefresh.m */ = {isa = PBXFileReference; fileEncoding = 4; lastKnownFileType = sourcecode.c.objc; path = CCEaseRefresh.m; sourceTree = "<group>"; };
/* End PBXFileReference section */

/* Begin PBXFrameworksBuildPhase section */
		7EB5F40F1BAC3D5F00EF7A25 /* Frameworks */ = {
			isa = PBXFrameworksBuildPhase;
			buildActionMask = 2147483647;
			files = (
			);
			runOnlyForDeploymentPostprocessing = 0;
		};
		7EB5F4281BAC3D5F00EF7A25 /* Frameworks */ = {
			isa = PBXFrameworksBuildPhase;
			buildActionMask = 2147483647;
			files = (
			);
			runOnlyForDeploymentPostprocessing = 0;
		};
/* End PBXFrameworksBuildPhase section */

/* Begin PBXGroup section */
		7EB5F4091BAC3D5F00EF7A25 = {
			isa = PBXGroup;
			children = (
				7EB5F4141BAC3D5F00EF7A25 /* CCEaseRefresh */,
				7EB5F42E1BAC3D5F00EF7A25 /* CCEaseRefreshTests */,
				7EB5F4131BAC3D5F00EF7A25 /* Products */,
			);
			sourceTree = "<group>";
		};
		7EB5F4131BAC3D5F00EF7A25 /* Products */ = {
			isa = PBXGroup;
			children = (
				7EB5F4121BAC3D5F00EF7A25 /* CCEaseRefresh.app */,
				7EB5F42B1BAC3D5F00EF7A25 /* CCEaseRefreshTests.xctest */,
			);
			name = Products;
			sourceTree = "<group>";
		};
		7EB5F4141BAC3D5F00EF7A25 /* CCEaseRefresh */ = {
			isa = PBXGroup;
			children = (
				7EB5F43B1BAC3DF600EF7A25 /* CCEaseRefresh */,
				7EB5F4191BAC3D5F00EF7A25 /* AppDelegate.h */,
				7EB5F41A1BAC3D5F00EF7A25 /* AppDelegate.m */,
				7EB5F41C1BAC3D5F00EF7A25 /* ViewController.h */,
				7EB5F41D1BAC3D5F00EF7A25 /* ViewController.m */,
				7EB5F41F1BAC3D5F00EF7A25 /* Main.storyboard */,
				7EB5F4221BAC3D5F00EF7A25 /* Images.xcassets */,
				7EB5F4241BAC3D5F00EF7A25 /* LaunchScreen.xib */,
				7EB5F4151BAC3D5F00EF7A25 /* Supporting Files */,
			);
			path = CCEaseRefresh;
			sourceTree = "<group>";
		};
		7EB5F4151BAC3D5F00EF7A25 /* Supporting Files */ = {
			isa = PBXGroup;
			children = (
				7EB5F4161BAC3D5F00EF7A25 /* Info.plist */,
				7EB5F4171BAC3D5F00EF7A25 /* main.m */,
			);
			name = "Supporting Files";
			sourceTree = "<group>";
		};
		7EB5F42E1BAC3D5F00EF7A25 /* CCEaseRefreshTests */ = {
			isa = PBXGroup;
			children = (
				7EB5F4311BAC3D5F00EF7A25 /* CCEaseRefreshTests.m */,
				7EB5F42F1BAC3D5F00EF7A25 /* Supporting Files */,
			);
			path = CCEaseRefreshTests;
			sourceTree = "<group>";
		};
		7EB5F42F1BAC3D5F00EF7A25 /* Supporting Files */ = {
			isa = PBXGroup;
			children = (
				7EB5F4301BAC3D5F00EF7A25 /* Info.plist */,
			);
			name = "Supporting Files";
			sourceTree = "<group>";
		};
		7EB5F43B1BAC3DF600EF7A25 /* CCEaseRefresh */ = {
			isa = PBXGroup;
			children = (
				7EB5F43C1BAC3DF600EF7A25 /* CCEaseRefresh.h */,
				7EB5F43D1BAC3DF600EF7A25 /* CCEaseRefresh.m */,
			);
			path = CCEaseRefresh;
			sourceTree = "<group>";
		};
/* End PBXGroup section */

/* Begin PBXNativeTarget section */
		7EB5F4111BAC3D5F00EF7A25 /* CCEaseRefresh */ = {
			isa = PBXNativeTarget;
			buildConfigurationList = 7EB5F4351BAC3D5F00EF7A25 /* Build configuration list for PBXNativeTarget "CCEaseRefresh" */;
			buildPhases = (
				7EB5F40E1BAC3D5F00EF7A25 /* Sources */,
				7EB5F40F1BAC3D5F00EF7A25 /* Frameworks */,
				7EB5F4101BAC3D5F00EF7A25 /* Resources */,
			);
			buildRules = (
			);
			dependencies = (
			);
			name = CCEaseRefresh;
			productName = CCEaseRefresh;
			productReference = 7EB5F4121BAC3D5F00EF7A25 /* CCEaseRefresh.app */;
			productType = "com.apple.product-type.application";
		};
		7EB5F42A1BAC3D5F00EF7A25 /* CCEaseRefreshTests */ = {
			isa = PBXNativeTarget;
			buildConfigurationList = 7EB5F4381BAC3D5F00EF7A25 /* Build configuration list for PBXNativeTarget "CCEaseRefreshTests" */;
			buildPhases = (
				7EB5F4271BAC3D5F00EF7A25 /* Sources */,
				7EB5F4281BAC3D5F00EF7A25 /* Frameworks */,
				7EB5F4291BAC3D5F00EF7A25 /* Resources */,
			);
			buildRules = (
			);
			dependencies = (
				7EB5F42D1BAC3D5F00EF7A25 /* PBXTargetDependency */,
			);
			name = CCEaseRefreshTests;
			productName = CCEaseRefreshTests;
			productReference = 7EB5F42B1BAC3D5F00EF7A25 /* CCEaseRefreshTests.xctest */;
			productType = "com.apple.product-type.bundle.unit-test";
		};
/* End PBXNativeTarget section */

/* Begin PBXProject section */
		7EB5F40A1BAC3D5F00EF7A25 /* Project object */ = {
			isa = PBXProject;
			attributes = {
				LastUpgradeCheck = 0640;
				ORGANIZATIONNAME = "LiuZechen qq:1040981145";
				TargetAttributes = {
					7EB5F4111BAC3D5F00EF7A25 = {
						CreatedOnToolsVersion = 6.4;
					};
					7EB5F42A1BAC3D5F00EF7A25 = {
						CreatedOnToolsVersion = 6.4;
						TestTargetID = 7EB5F4111BAC3D5F00EF7A25;
					};
				};
			};
			buildConfigurationList = 7EB5F40D1BAC3D5F00EF7A25 /* Build configuration list for PBXProject "CCEaseRefresh" */;
			compatibilityVersion = "Xcode 3.2";
			developmentRegion = English;
			hasScannedForEncodings = 0;
			knownRegions = (
				en,
				Base,
			);
			mainGroup = 7EB5F4091BAC3D5F00EF7A25;
			productRefGroup = 7EB5F4131BAC3D5F00EF7A25 /* Products */;
			projectDirPath = "";
			projectRoot = "";
			targets = (
				7EB5F4111BAC3D5F00EF7A25 /* CCEaseRefresh */,
				7EB5F42A1BAC3D5F00EF7A25 /* CCEaseRefreshTests */,
			);
		};
/* End PBXProject section */

/* Begin PBXResourcesBuildPhase section */
		7EB5F4101BAC3D5F00EF7A25 /* Resources */ = {
			isa = PBXResourcesBuildPhase;
			buildActionMask = 2147483647;
			files = (
				7EB5F4211BAC3D5F00EF7A25 /* Main.storyboard in Resources */,
				7EB5F4261BAC3D5F00EF7A25 /* LaunchScreen.xib in Resources */,
				7EB5F4231BAC3D5F00EF7A25 /* Images.xcassets in Resources */,
			);
			runOnlyForDeploymentPostprocessing = 0;
		};
		7EB5F4291BAC3D5F00EF7A25 /* Resources */ = {
			isa = PBXResourcesBuildPhase;
			buildActionMask = 2147483647;
			files = (
			);
			runOnlyForDeploymentPostprocessing = 0;
		};
/* End PBXResourcesBuildPhase section */

/* Begin PBXSourcesBuildPhase section */
		7EB5F40E1BAC3D5F00EF7A25 /* Sources */ = {
			isa = PBXSourcesBuildPhase;
			buildActionMask = 2147483647;
			files = (
				7EB5F41E1BAC3D5F00EF7A25 /* ViewController.m in Sources */,
				7EB5F43E1BAC3DF600EF7A25 /* CCEaseRefresh.m in Sources */,
				7EB5F41B1BAC3D5F00EF7A25 /* AppDelegate.m in Sources */,
				7EB5F4181BAC3D5F00EF7A25 /* main.m in Sources */,
			);
			runOnlyForDeploymentPostprocessing = 0;
		};
		7EB5F4271BAC3D5F00EF7A25 /* Sources */ = {
			isa = PBXSourcesBuildPhase;
			buildActionMask = 2147483647;
			files = (
				7EB5F4321BAC3D5F00EF7A25 /* CCEaseRefreshTests.m in Sources */,
			);
			runOnlyForDeploymentPostprocessing = 0;
		};
/* End PBXSourcesBuildPhase section */

/* Begin PBXTargetDependency section */
		7EB5F42D1BAC3D5F00EF7A25 /* PBXTargetDependency */ = {
			isa = PBXTargetDependency;
			target = 7EB5F4111BAC3D5F00EF7A25 /* CCEaseRefresh */;
			targetProxy = 7EB5F42C1BAC3D5F00EF7A25 /* PBXContainerItemProxy */;
		};
/* End PBXTargetDependency section */

/* Begin PBXVariantGroup section */
		7EB5F41F1BAC3D5F00EF7A25 /* Main.storyboard */ = {
			isa = PBXVariantGroup;
			children = (
				7EB5F4201BAC3D5F00EF7A25 /* Base */,
			);
			name = Main.storyboard;
			sourceTree = "<group>";
		};
		7EB5F4241BAC3D5F00EF7A25 /* LaunchScreen.xib */ = {
			isa = PBXVariantGroup;
			children = (
				7EB5F4251BAC3D5F00EF7A25 /* Base */,
			);
			name = LaunchScreen.xib;
			sourceTree = "<group>";
		};
/* End PBXVariantGroup section */

/* Begin XCBuildConfiguration section */
		7EB5F4331BAC3D5F00EF7A25 /* Debug */ = {
			isa = XCBuildConfiguration;
			buildSettings = {
				ALWAYS_SEARCH_USER_PATHS = NO;
				CLANG_CXX_LANGUAGE_STANDARD = "gnu++0x";
				CLANG_CXX_LIBRARY = "libc++";
				CLANG_ENABLE_MODULES = YES;
				CLANG_ENABLE_OBJC_ARC = YES;
				CLANG_WARN_BOOL_CONVERSION = YES;
				CLANG_WARN_CONSTANT_CONVERSION = YES;
				CLANG_WARN_DIRECT_OBJC_ISA_USAGE = YES_ERROR;
				CLANG_WARN_EMPTY_BODY = YES;
				CLANG_WARN_ENUM_CONVERSION = YES;
				CLANG_WARN_INT_CONVERSION = YES;
				CLANG_WARN_OBJC_ROOT_CLASS = YES_ERROR;
				CLANG_WARN_UNREACHABLE_CODE = YES;
				CLANG_WARN__DUPLICATE_METHOD_MATCH = YES;
				"CODE_SIGN_IDENTITY[sdk=iphoneos*]" = "iPhone Developer";
				COPY_PHASE_STRIP = NO;
				DEBUG_INFORMATION_FORMAT = "dwarf-with-dsym";
				ENABLE_STRICT_OBJC_MSGSEND = YES;
				GCC_C_LANGUAGE_STANDARD = gnu99;
				GCC_DYNAMIC_NO_PIC = NO;
				GCC_NO_COMMON_BLOCKS = YES;
				GCC_OPTIMIZATION_LEVEL = 0;
				GCC_PREPROCESSOR_DEFINITIONS = (
					"DEBUG=1",
					"$(inherited)",
				);
				GCC_SYMBOLS_PRIVATE_EXTERN = NO;
				GCC_WARN_64_TO_32_BIT_CONVERSION = YES;
				GCC_WARN_ABOUT_RETURN_TYPE = YES_ERROR;
				GCC_WARN_UNDECLARED_SELECTOR = YES;
				GCC_WARN_UNINITIALIZED_AUTOS = YES_AGGRESSIVE;
				GCC_WARN_UNUSED_FUNCTION = YES;
				GCC_WARN_UNUSED_VARIABLE = YES;
				IPHONEOS_DEPLOYMENT_TARGET = 8.4;
				MTL_ENABLE_DEBUG_INFO = YES;
				ONLY_ACTIVE_ARCH = YES;
				SDKROOT = iphoneos;
			};
			name = Debug;
		};
		7EB5F4341BAC3D5F00EF7A25 /* Release */ = {
			isa = XCBuildConfiguration;
			buildSettings = {
				ALWAYS_SEARCH_USER_PATHS = NO;
				CLANG_CXX_LANGUAGE_STANDARD = "gnu++0x";
				CLANG_CXX_LIBRARY = "libc++";
				CLANG_ENABLE_MODULES = YES;
				CLANG_ENABLE_OBJC_ARC = YES;
				CLANG_WARN_BOOL_CONVERSION = YES;
				CLANG_WARN_CONSTANT_CONVERSION = YES;
				CLANG_WARN_DIRECT_OBJC_ISA_USAGE = YES_ERROR;
				CLANG_WARN_EMPTY_BODY = YES;
				CLANG_WARN_ENUM_CONVERSION = YES;
				CLANG_WARN_INT_CONVERSION = YES;
				CLANG_WARN_OBJC_ROOT_CLASS = YES_ERROR;
				CLANG_WARN_UNREACHABLE_CODE = YES;
				CLANG_WARN__DUPLICATE_METHOD_MATCH = YES;
				"CODE_SIGN_IDENTITY[sdk=iphoneos*]" = "iPhone Developer";
				COPY_PHASE_STRIP = NO;
				DEBUG_INFORMATION_FORMAT = "dwarf-with-dsym";
				ENABLE_NS_ASSERTIONS = NO;
				ENABLE_STRICT_OBJC_MSGSEND = YES;
				GCC_C_LANGUAGE_STANDARD = gnu99;
				GCC_NO_COMMON_BLOCKS = YES;
				GCC_WARN_64_TO_32_BIT_CONVERSION = YES;
				GCC_WARN_ABOUT_RETURN_TYPE = YES_ERROR;
				GCC_WARN_UNDECLARED_SELECTOR = YES;
				GCC_WARN_UNINITIALIZED_AUTOS = YES_AGGRESSIVE;
				GCC_WARN_UNUSED_FUNCTION = YES;
				GCC_WARN_UNUSED_VARIABLE = YES;
				IPHONEOS_DEPLOYMENT_TARGET = 8.4;
				MTL_ENABLE_DEBUG_INFO = NO;
				SDKROOT = iphoneos;
				VALIDATE_PRODUCT = YES;
			};
			name = Release;
		};
		7EB5F4361BAC3D5F00EF7A25 /* Debug */ = {
			isa = XCBuildConfiguration;
			buildSettings = {
				ASSETCATALOG_COMPILER_APPICON_NAME = AppIcon;
				INFOPLIST_FILE = CCEaseRefresh/Info.plist;
				IPHONEOS_DEPLOYMENT_TARGET = 7.0;
				LD_RUNPATH_SEARCH_PATHS = "$(inherited) @executable_path/Frameworks";
				PRODUCT_NAME = "$(TARGET_NAME)";
			};
			name = Debug;
		};
		7EB5F4371BAC3D5F00EF7A25 /* Release */ = {
			isa = XCBuildConfiguration;
			buildSettings = {
				ASSETCATALOG_COMPILER_APPICON_NAME = AppIcon;
				INFOPLIST_FILE = CCEaseRefresh/Info.plist;
				IPHONEOS_DEPLOYMENT_TARGET = 7.0;
				LD_RUNPATH_SEARCH_PATHS = "$(inherited) @executable_path/Frameworks";
				PRODUCT_NAME = "$(TARGET_NAME)";
			};
			name = Release;
		};
		7EB5F4391BAC3D5F00EF7A25 /* Debug */ = {
			isa = XCBuildConfiguration;
			buildSettings = {
				BUNDLE_LOADER = "$(TEST_HOST)";
				FRAMEWORK_SEARCH_PATHS = (
					"$(SDKROOT)/Developer/Library/Frameworks",
					"$(inherited)",
				);
				GCC_PREPROCESSOR_DEFINITIONS = (
					"DEBUG=1",
					"$(inherited)",
				);
				INFOPLIST_FILE = CCEaseRefreshTests/Info.plist;
				LD_RUNPATH_SEARCH_PATHS = "$(inherited) @executable_path/Frameworks @loader_path/Frameworks";
				PRODUCT_NAME = "$(TARGET_NAME)";
				TEST_HOST = "$(BUILT_PRODUCTS_DIR)/CCEaseRefresh.app/CCEaseRefresh";
			};
			name = Debug;
		};
		7EB5F43A1BAC3D5F00EF7A25 /* Release */ = {
			isa = XCBuildConfiguration;
			buildSettings = {
				BUNDLE_LOADER = "$(TEST_HOST)";
				FRAMEWORK_SEARCH_PATHS = (
					"$(SDKROOT)/Developer/Library/Frameworks",
					"$(inherited)",
				);
				INFOPLIST_FILE = CCEaseRefreshTests/Info.plist;
				LD_RUNPATH_SEARCH_PATHS = "$(inherited) @executable_path/Frameworks @loader_path/Frameworks";
				PRODUCT_NAME = "$(TARGET_NAME)";
				TEST_HOST = "$(BUILT_PRODUCTS_DIR)/CCEaseRefresh.app/CCEaseRefresh";
			};
			name = Release;
		};
/* End XCBuildConfiguration section */

/* Begin XCConfigurationList section */
		7EB5F40D1BAC3D5F00EF7A25 /* Build configuration list for PBXProject "CCEaseRefresh" */ = {
			isa = XCConfigurationList;
			buildConfigurations = (
				7EB5F4331BAC3D5F00EF7A25 /* Debug */,
				7EB5F4341BAC3D5F00EF7A25 /* Release */,
			);
			defaultConfigurationIsVisible = 0;
			defaultConfigurationName = Release;
		};
		7EB5F4351BAC3D5F00EF7A25 /* Build configuration list for PBXNativeTarget "CCEaseRefresh" */ = {
			isa = XCConfigurationList;
			buildConfigurations = (
				7EB5F4361BAC3D5F00EF7A25 /* Debug */,
				7EB5F4371BAC3D5F00EF7A25 /* Release */,
			);
			defaultConfigurationIsVisible = 0;
			defaultConfigurationName = Release;
		};
		7EB5F4381BAC3D5F00EF7A25 /* Build configuration list for PBXNativeTarget "CCEaseRefreshTests" */ = {
			isa = XCConfigurationList;
			buildConfigurations = (
				7EB5F4391BAC3D5F00EF7A25 /* Debug */,
				7EB5F43A1BAC3D5F00EF7A25 /* Release */,
			);
			defaultConfigurationIsVisible = 0;
			defaultConfigurationName = Release;
		};
/* End XCConfigurationList section */
	};
	rootObject = 7EB5F40A1BAC3D5F00EF7A25 /* Project object */;
}
